{
  "name": "e2e_Playwright",
  "version": "1.0.0",
  "lockfileVersion": 1,
  "requires": true,
  "dependencies": {
    "@babel/runtime": {
      "version": "7.20.6",
      "resolved": "https://snapshotrepo.wsgc.com:443/artifactory/api/npm/wsgc-npm/@babel/runtime/-/runtime-7.20.6.tgz",
      "integrity": "sha1-+s9Ieb/tm1MmMmJzpkIg8Jmw/OM=",
      "requires": {
        "regenerator-runtime": "^0.13.11"
      }
    },
    "@colors/colors": {
      "version": "1.5.0",
      "resolved": "https://snapshotrepo.wsgc.com:443/artifactory/api/npm/wsgc-npm/@colors/colors/-/colors-1.5.0.tgz",
      "integrity": "sha1-u1BFecHK6SPmV2pPXaQ9Jfl729k=",
      "optional": true
    },
    "@cucumber/ci-environment": {
      "version": "9.1.0",
      "resolved": "https://snapshotrepo.wsgc.com:443/artifactory/api/npm/wsgc-npm/@cucumber/ci-environment/-/ci-environment-9.1.0.tgz",
      "integrity": "sha1-bYaBQcfP1haTHxRyPhIqEGlAGZg="
    },
    "@cucumber/cucumber": {
      "version": "8.9.0",
      "resolved": "https://snapshotrepo.wsgc.com:443/artifactory/api/npm/wsgc-npm/@cucumber/cucumber/-/cucumber-8.9.0.tgz",
      "integrity": "sha1-OU7YcJOvM/uyNb7hlwozaLuy/8U=",
      "requires": {
        "@cucumber/ci-environment": "9.1.0",
        "@cucumber/cucumber-expressions": "16.0.0",
        "@cucumber/gherkin": "24.1.0",
        "@cucumber/gherkin-streams": "5.0.1",
        "@cucumber/gherkin-utils": "8.0.1",
        "@cucumber/html-formatter": "20.1.0",
        "@cucumber/message-streams": "4.0.1",
        "@cucumber/messages": "20.0.0",
        "@cucumber/tag-expressions": "4.1.0",
        "assertion-error-formatter": "^3.0.0",
        "capital-case": "^1.0.4",
        "chalk": "^4.1.2",
        "cli-table3": "0.6.3",
        "commander": "^9.0.0",
        "debug": "^4.3.4",
        "duration": "^0.2.2",
        "durations": "^3.4.2",
        "error-stack-parser": "^2.1.4",
        "figures": "^3.2.0",
        "glob": "^7.1.6",
        "has-ansi": "^4.0.1",
        "indent-string": "^4.0.0",
        "is-installed-globally": "^0.4.0",
        "is-stream": "^2.0.0",
        "knuth-shuffle-seeded": "^1.0.6",
        "lodash.merge": "^4.6.2",
        "lodash.mergewith": "^4.6.2",
        "mz": "^2.7.0",
        "progress": "^2.0.3",
        "resolve-pkg": "^2.0.0",
        "semver": "7.3.8",
        "string-argv": "^0.3.1",
        "strip-ansi": "6.0.1",
        "supports-color": "^8.1.1",
        "tmp": "^0.2.1",
        "util-arity": "^1.1.0",
        "verror": "^1.10.0",
        "xmlbuilder": "^15.1.1",
        "yup": "^0.32.11"
      }
    },
    "@cucumber/cucumber-expressions": {
      "version": "16.0.0",
      "resolved": "https://snapshotrepo.wsgc.com:443/artifactory/api/npm/wsgc-npm/@cucumber/cucumber-expressions/-/cucumber-expressions-16.0.0.tgz",
      "integrity": "sha1-+LxD2ibxLbjw10/zAxqIHk+kUW0=",
      "requires": {
        "regexp-match-indices": "1.0.2"
      }
    },
    "@cucumber/gherkin": {
      "version": "24.1.0",
      "resolved": "https://snapshotrepo.wsgc.com:443/artifactory/api/npm/wsgc-npm/@cucumber/gherkin/-/gherkin-24.1.0.tgz",
      "integrity": "sha1-yi3L4R9ffX8w/QcygFUL1uyiNjw=",
      "requires": {
        "@cucumber/messages": "^19.1.4"
      },
      "dependencies": {
        "@cucumber/messages": {
          "version": "19.1.4",
          "resolved": "https://snapshotrepo.wsgc.com:443/artifactory/api/npm/wsgc-npm/@cucumber/messages/-/messages-19.1.4.tgz",
          "integrity": "sha1-XO/EfKwwBMC8ONQpMwQuwki7dHw=",
          "requires": {
            "@types/uuid": "8.3.4",
            "class-transformer": "0.5.1",
            "reflect-metadata": "0.1.13",
            "uuid": "9.0.0"
          }
        }
      }
    },
    "@cucumber/gherkin-streams": {
      "version": "5.0.1",
      "resolved": "https://snapshotrepo.wsgc.com:443/artifactory/api/npm/wsgc-npm/@cucumber/gherkin-streams/-/gherkin-streams-5.0.1.tgz",
      "integrity": "sha1-jCFC0pXNBWREVr5ygrS9dWyVxM0=",
      "requires": {
        "commander": "9.1.0",
        "source-map-support": "0.5.21"
      },
      "dependencies": {
        "commander": {
          "version": "9.1.0",
          "resolved": "https://snapshotrepo.wsgc.com:443/artifactory/api/npm/wsgc-npm/commander/-/commander-9.1.0.tgz",
          "integrity": "sha1-prJjsjJ/LhiMZALEJiMyeQny2+w="
        }
      }
    },
    "@cucumber/gherkin-utils": {
      "version": "8.0.1",
      "resolved": "https://snapshotrepo.wsgc.com:443/artifactory/api/npm/wsgc-npm/@cucumber/gherkin-utils/-/gherkin-utils-8.0.1.tgz",
      "integrity": "sha1-2UifPfwZEvOuEwOqmgg8lmIYciw=",
      "requires": {
        "@cucumber/gherkin": "^24.1.0",
        "@cucumber/messages": "^19.1.4",
        "@teppeis/multimaps": "2.0.0",
        "commander": "9.4.1",
        "source-map-support": "^0.5.21"
      },
      "dependencies": {
        "@cucumber/messages": {
          "version": "19.1.4",
          "resolved": "https://snapshotrepo.wsgc.com:443/artifactory/api/npm/wsgc-npm/@cucumber/messages/-/messages-19.1.4.tgz",
          "integrity": "sha1-XO/EfKwwBMC8ONQpMwQuwki7dHw=",
          "requires": {
            "@types/uuid": "8.3.4",
            "class-transformer": "0.5.1",
            "reflect-metadata": "0.1.13",
            "uuid": "9.0.0"
          }
        }
      }
    },
    "@cucumber/html-formatter": {
      "version": "20.1.0",
      "resolved": "https://snapshotrepo.wsgc.com:443/artifactory/api/npm/wsgc-npm/@cucumber/html-formatter/-/html-formatter-20.1.0.tgz",
      "integrity": "sha1-LtoryTy/flADRDC4z70umtgKuiU="
    },
    "@cucumber/message-streams": {
      "version": "4.0.1",
      "resolved": "https://snapshotrepo.wsgc.com:443/artifactory/api/npm/wsgc-npm/@cucumber/message-streams/-/message-streams-4.0.1.tgz",
      "integrity": "sha1-pTOdNQRZS7LttXMqqulN3bJNCXA="
    },
    "@cucumber/messages": {
      "version": "20.0.0",
      "resolved": "https://snapshotrepo.wsgc.com:443/artifactory/api/npm/wsgc-npm/@cucumber/messages/-/messages-20.0.0.tgz",
      "integrity": "sha1-SU0wvSiAsE3LOpWPjA7FY4t7NZY=",
      "requires": {
        "@types/uuid": "8.3.4",
        "class-transformer": "0.5.1",
        "reflect-metadata": "0.1.13",
        "uuid": "9.0.0"
      }
    },
    "@cucumber/tag-expressions": {
      "version": "4.1.0",
      "resolved": "https://snapshotrepo.wsgc.com:443/artifactory/api/npm/wsgc-npm/@cucumber/tag-expressions/-/tag-expressions-4.1.0.tgz",
      "integrity": "sha1-mpGw4N0vK6cD4wOMUrSbmsBsLG8="
    },
    "@playwright/test": {
      "version": "1.28.1",
      "resolved": "https://snapshotrepo.wsgc.com:443/artifactory/api/npm/wsgc-npm/@playwright/test/-/test-1.28.1.tgz",
      "integrity": "sha1-5b4pfgJKMlZhDKwrqqk0f9V8eGA=",
      "dev": true,
      "requires": {
        "@types/node": "*",
        "playwright-core": "1.28.1"
      },
      "dependencies": {
        "playwright-core": {
          "version": "1.28.1",
          "resolved": "https://snapshotrepo.wsgc.com:443/artifactory/api/npm/wsgc-npm/playwright-core/-/playwright-core-1.28.1.tgz",
          "integrity": "sha1-hAC+n0qNHASJq9uedaTMD/w8AMs=",
          "dev": true
        }
      }
    },
    "@teppeis/multimaps": {
      "version": "2.0.0",
      "resolved": "https://snapshotrepo.wsgc.com:443/artifactory/api/npm/wsgc-npm/@teppeis/multimaps/-/multimaps-2.0.0.tgz",
      "integrity": "sha1-IRTulktwL5d30OB4mQh62c2JoN4="
    },
    "@types/lodash": {
      "version": "4.14.191",
      "resolved": "https://snapshotrepo.wsgc.com:443/artifactory/api/npm/wsgc-npm/@types/lodash/-/lodash-4.14.191.tgz",
      "integrity": "sha1-CVEef3y6J1rNi0Gd2sjammp54vo="
    },
    "@types/node": {
      "version": "18.11.15",
      "resolved": "https://snapshotrepo.wsgc.com:443/artifactory/api/npm/wsgc-npm/@types/node/-/node-18.11.15.tgz",
      "integrity": "sha1-3g4fvSsiuWLUWXFDHirmlmQ9P10=",
      "dev": true
    },
    "@types/uuid": {
      "version": "8.3.4",
      "resolved": "https://snapshotrepo.wsgc.com:443/artifactory/api/npm/wsgc-npm/@types/uuid/-/uuid-8.3.4.tgz",
      "integrity": "sha1-vYakNhffBZR4fTi3NfVcgFvs8bw="
    },
    "allure-js-commons": {
      "version": "2.0.0-beta.23",
      "resolved": "https://snapshotrepo.wsgc.com:443/artifactory/api/npm/wsgc-npm/allure-js-commons/-/allure-js-commons-2.0.0-beta.23.tgz",
      "integrity": "sha1-6v7jEG9VbKjcjmI6vFdQVzIBuZo=",
      "dev": true,
      "requires": {
        "properties": "^1.2.1",
        "uuid": "^8.3.0"
      },
      "dependencies": {
        "uuid": {
          "version": "8.3.2",
          "resolved": "https://snapshotrepo.wsgc.com:443/artifactory/api/npm/wsgc-npm/uuid/-/uuid-8.3.2.tgz",
          "integrity": "sha1-gNW1ztJxu5r2xEXyGhoExgbO++I=",
          "dev": true
        }
      }
    },
    "allure-playwright": {
      "version": "2.0.0-beta.23",
      "resolved": "https://snapshotrepo.wsgc.com:443/artifactory/api/npm/wsgc-npm/allure-playwright/-/allure-playwright-2.0.0-beta.23.tgz",
      "integrity": "sha1-gwam68VlNWTwJnT2D3/Ra9fbq7s=",
      "dev": true,
      "requires": {
        "allure-js-commons": "2.0.0-beta.23"
      }
    },
    "ansi-regex": {
      "version": "5.0.1",
      "resolved": "https://snapshotrepo.wsgc.com:443/artifactory/api/npm/wsgc-npm/ansi-regex/-/ansi-regex-5.0.1.tgz",
      "integrity": "sha1-CCyyyJyf6GWaMRpTvWpNxTAdswQ="
    },
    "ansi-styles": {
      "version": "4.3.0",
      "resolved": "https://snapshotrepo.wsgc.com:443/artifactory/api/npm/wsgc-npm/ansi-styles/-/ansi-styles-4.3.0.tgz",
      "integrity": "sha1-7dgDYornHATIWuegkG7a00tkiTc=",
      "requires": {
        "color-convert": "^2.0.1"
      }
    },
    "any-promise": {
      "version": "1.3.0",
      "resolved": "https://snapshotrepo.wsgc.com:443/artifactory/api/npm/wsgc-npm/any-promise/-/any-promise-1.3.0.tgz",
      "integrity": "sha1-q8av7tzqUugJzcA3au0845Y10X8="
    },
    "assert-plus": {
      "version": "1.0.0",
      "resolved": "https://snapshotrepo.wsgc.com:443/artifactory/api/npm/wsgc-npm/assert-plus/-/assert-plus-1.0.0.tgz",
      "integrity": "sha1-8S4PPF13sLHN2RRpQuTpbB5N1SU="
    },
    "assertion-error-formatter": {
      "version": "3.0.0",
      "resolved": "https://snapshotrepo.wsgc.com:443/artifactory/api/npm/wsgc-npm/assertion-error-formatter/-/assertion-error-formatter-3.0.0.tgz",
      "integrity": "sha1-vpyIJd7mqKbHIYPZFZEtm1fV0mU=",
      "requires": {
        "diff": "^4.0.1",
        "pad-right": "^0.2.2",
        "repeat-string": "^1.6.1"
      }
    },
    "balanced-match": {
      "version": "1.0.2",
      "resolved": "https://snapshotrepo.wsgc.com:443/artifactory/api/npm/wsgc-npm/balanced-match/-/balanced-match-1.0.2.tgz",
      "integrity": "sha1-6D46fj8wCzTLnYf2FfoMvzV2kO4="
    },
    "brace-expansion": {
      "version": "1.1.11",
      "resolved": "https://snapshotrepo.wsgc.com:443/artifactory/api/npm/wsgc-npm/brace-expansion/-/brace-expansion-1.1.11.tgz",
      "integrity": "sha1-PH/L9SnYcibz0vUrlm/1Jx60Qd0=",
      "requires": {
        "balanced-match": "^1.0.0",
        "concat-map": "0.0.1"
      }
    },
    "buffer-from": {
      "version": "1.1.2",
      "resolved": "https://snapshotrepo.wsgc.com:443/artifactory/api/npm/wsgc-npm/buffer-from/-/buffer-from-1.1.2.tgz",
      "integrity": "sha1-KxRqb9cugLT1XSVfNe1Zo6mkG9U="
    },
    "capital-case": {
      "version": "1.0.4",
      "resolved": "https://snapshotrepo.wsgc.com:443/artifactory/api/npm/wsgc-npm/capital-case/-/capital-case-1.0.4.tgz",
      "integrity": "sha1-nRMCkjU8kkn2sA+lhSvuOKcX5mk=",
      "requires": {
        "no-case": "^3.0.4",
        "tslib": "^2.0.3",
        "upper-case-first": "^2.0.2"
      }
    },
    "chalk": {
      "version": "4.1.2",
      "resolved": "https://snapshotrepo.wsgc.com:443/artifactory/api/npm/wsgc-npm/chalk/-/chalk-4.1.2.tgz",
      "integrity": "sha1-qsTit3NKdAhnrrFr8CqtVWoeegE=",
      "requires": {
        "ansi-styles": "^4.1.0",
        "supports-color": "^7.1.0"
      },
      "dependencies": {
        "supports-color": {
          "version": "7.2.0",
          "resolved": "https://snapshotrepo.wsgc.com:443/artifactory/api/npm/wsgc-npm/supports-color/-/supports-color-7.2.0.tgz",
          "integrity": "sha1-G33NyzK4E4gBs+R4umpRyqiWSNo=",
          "requires": {
            "has-flag": "^4.0.0"
          }
        }
      }
    },
    "class-transformer": {
      "version": "0.5.1",
      "resolved": "https://snapshotrepo.wsgc.com:443/artifactory/api/npm/wsgc-npm/class-transformer/-/class-transformer-0.5.1.tgz",
      "integrity": "sha1-JBR9Xf/Sps6pMKMlCmd63flqszY="
    },
    "cli-table3": {
      "version": "0.6.3",
      "resolved": "https://snapshotrepo.wsgc.com:443/artifactory/api/npm/wsgc-npm/cli-table3/-/cli-table3-0.6.3.tgz",
      "integrity": "sha1-Yat2WqwVa1LyIpVP/GB6bwHb7rI=",
      "requires": {
        "@colors/colors": "1.5.0",
        "string-width": "^4.2.0"
      }
    },
    "color-convert": {
      "version": "2.0.1",
      "resolved": "https://snapshotrepo.wsgc.com:443/artifactory/api/npm/wsgc-npm/color-convert/-/color-convert-2.0.1.tgz",
      "integrity": "sha1-ctOmjVmMm9s68q0ehPIdiWq9TeM=",
      "requires": {
        "color-name": "~1.1.4"
      }
    },
    "color-name": {
      "version": "1.1.4",
      "resolved": "https://snapshotrepo.wsgc.com:443/artifactory/api/npm/wsgc-npm/color-name/-/color-name-1.1.4.tgz",
      "integrity": "sha1-wqCah6y95pVD3m9j+jmVyCbFNqI="
    },
    "commander": {
      "version": "9.4.1",
      "resolved": "https://snapshotrepo.wsgc.com:443/artifactory/api/npm/wsgc-npm/commander/-/commander-9.4.1.tgz",
      "integrity": "sha1-0d2PLOb6+TFHKVwN8Tx8IRQc+90="
    },
    "concat-map": {
      "version": "0.0.1",
      "resolved": "https://snapshotrepo.wsgc.com:443/artifactory/api/npm/wsgc-npm/concat-map/-/concat-map-0.0.1.tgz",
      "integrity": "sha1-2Klr13/Wjfd5OnMDajug1UBdR3s="
    },
    "core-util-is": {
      "version": "1.0.2",
      "resolved": "https://snapshotrepo.wsgc.com:443/artifactory/api/npm/wsgc-npm/core-util-is/-/core-util-is-1.0.2.tgz",
      "integrity": "sha1-tf1UIgqivFq1eqtxQMlAdUUDwac="
    },
    "d": {
      "version": "1.0.1",
      "resolved": "https://snapshotrepo.wsgc.com:443/artifactory/api/npm/wsgc-npm/d/-/d-1.0.1.tgz",
      "integrity": "sha1-hpgJU3LVjb7jRv/Qxwk/mfj561o=",
      "requires": {
        "es5-ext": "^0.10.50",
        "type": "^1.0.1"
      }
    },
    "debug": {
      "version": "4.3.4",
      "resolved": "https://snapshotrepo.wsgc.com:443/artifactory/api/npm/wsgc-npm/debug/-/debug-4.3.4.tgz",
      "integrity": "sha1-Exn2V5NX8jONMzfSzdSRS7XcyGU=",
      "requires": {
        "ms": "2.1.2"
      }
    },
    "diff": {
      "version": "4.0.2",
      "resolved": "https://snapshotrepo.wsgc.com:443/artifactory/api/npm/wsgc-npm/diff/-/diff-4.0.2.tgz",
      "integrity": "sha1-YPOuy4nV+uUgwRqhnvwruYKq3n0="
    },
    "duration": {
      "version": "0.2.2",
      "resolved": "https://snapshotrepo.wsgc.com:443/artifactory/api/npm/wsgc-npm/duration/-/duration-0.2.2.tgz",
      "integrity": "sha1-3fFJvDvGkBFQ/pAXER0BazNX9Sk=",
      "requires": {
        "d": "1",
        "es5-ext": "~0.10.46"
      }
    },
    "durations": {
      "version": "3.4.2",
      "resolved": "https://snapshotrepo.wsgc.com:443/artifactory/api/npm/wsgc-npm/durations/-/durations-3.4.2.tgz",
      "integrity": "sha1-HeIwRUNzzM/sq5J94L664ilTAds="
    },
    "emoji-regex": {
      "version": "8.0.0",
      "resolved": "https://snapshotrepo.wsgc.com:443/artifactory/api/npm/wsgc-npm/emoji-regex/-/emoji-regex-8.0.0.tgz",
      "integrity": "sha1-6Bj9ac5cz8tARZT4QpY79TFkzDc="
    },
    "error-stack-parser": {
      "version": "2.1.4",
      "resolved": "https://snapshotrepo.wsgc.com:443/artifactory/api/npm/wsgc-npm/error-stack-parser/-/error-stack-parser-2.1.4.tgz",
      "integrity": "sha1-IpywHNv6hEQL+pGHYoW5RoAYgoY=",
      "requires": {
        "stackframe": "^1.3.4"
      }
    },
    "es5-ext": {
      "version": "0.10.62",
      "resolved": "https://snapshotrepo.wsgc.com:443/artifactory/api/npm/wsgc-npm/es5-ext/-/es5-ext-0.10.62.tgz",
      "integrity": "sha1-XmrcGabaUkvz0eArvIlg5etJqaU=",
      "requires": {
        "es6-iterator": "^2.0.3",
        "es6-symbol": "^3.1.3",
        "next-tick": "^1.1.0"
      }
    },
    "es6-iterator": {
      "version": "2.0.3",
      "resolved": "https://snapshotrepo.wsgc.com:443/artifactory/api/npm/wsgc-npm/es6-iterator/-/es6-iterator-2.0.3.tgz",
      "integrity": "sha1-p96IkUGgWpSwhUQDstCg+/qY87c=",
      "requires": {
        "d": "1",
        "es5-ext": "^0.10.35",
        "es6-symbol": "^3.1.1"
      }
    },
    "es6-symbol": {
      "version": "3.1.3",
      "resolved": "https://snapshotrepo.wsgc.com:443/artifactory/api/npm/wsgc-npm/es6-symbol/-/es6-symbol-3.1.3.tgz",
      "integrity": "sha1-utXTwbzawoJp9MszHkMceKxwXRg=",
      "requires": {
        "d": "^1.0.1",
        "ext": "^1.1.2"
      }
    },
    "escape-string-regexp": {
      "version": "1.0.5",
      "resolved": "https://snapshotrepo.wsgc.com:443/artifactory/api/npm/wsgc-npm/escape-string-regexp/-/escape-string-regexp-1.0.5.tgz",
      "integrity": "sha1-G2HAViGQqN/2rjuyzwIAyhMLhtQ="
    },
    "ext": {
      "version": "1.7.0",
      "resolved": "https://snapshotrepo.wsgc.com:443/artifactory/api/npm/wsgc-npm/ext/-/ext-1.7.0.tgz",
      "integrity": "sha1-DqQ4PAED1g5wvpnpp/EQJ6M8T18=",
      "requires": {
        "type": "^2.7.2"
      },
      "dependencies": {
        "type": {
          "version": "2.7.2",
          "resolved": "https://snapshotrepo.wsgc.com:443/artifactory/api/npm/wsgc-npm/type/-/type-2.7.2.tgz",
          "integrity": "sha1-I3ahWjoose+g9TUNz3LSTfbvmNA="
        }
      }
    },
    "extsprintf": {
      "version": "1.4.1",
      "resolved": "https://snapshotrepo.wsgc.com:443/artifactory/api/npm/wsgc-npm/extsprintf/-/extsprintf-1.4.1.tgz",
      "integrity": "sha1-jRcsBkhn8jXAyEpZaAbSeb9LzAc="
    },
    "figures": {
      "version": "3.2.0",
      "resolved": "https://snapshotrepo.wsgc.com:443/artifactory/api/npm/wsgc-npm/figures/-/figures-3.2.0.tgz",
      "integrity": "sha1-YlwYvSk8YE3EqN2y/r8MiDQXRq8=",
      "requires": {
        "escape-string-regexp": "^1.0.5"
      }
    },
    "fs.realpath": {
      "version": "1.0.0",
      "resolved": "https://snapshotrepo.wsgc.com:443/artifactory/api/npm/wsgc-npm/fs.realpath/-/fs.realpath-1.0.0.tgz",
      "integrity": "sha1-FQStJSMVjKpA20onh8sBQRmU6k8="
    },
    "glob": {
      "version": "7.2.3",
      "resolved": "https://snapshotrepo.wsgc.com:443/artifactory/api/npm/wsgc-npm/glob/-/glob-7.2.3.tgz",
      "integrity": "sha1-uN8PuAK7+o6JvR2Ti04WV47UTys=",
      "requires": {
        "fs.realpath": "^1.0.0",
        "inflight": "^1.0.4",
        "inherits": "2",
        "minimatch": "^3.1.1",
        "once": "^1.3.0",
        "path-is-absolute": "^1.0.0"
      }
    },
    "global-dirs": {
      "version": "3.0.1",
      "resolved": "https://snapshotrepo.wsgc.com:443/artifactory/api/npm/wsgc-npm/global-dirs/-/global-dirs-3.0.1.tgz",
      "integrity": "sha1-DEiJcfBmus7aIUR67LGouRHSJIU=",
      "requires": {
        "ini": "2.0.0"
      }
    },
    "has-ansi": {
      "version": "4.0.1",
      "resolved": "https://snapshotrepo.wsgc.com:443/artifactory/api/npm/wsgc-npm/has-ansi/-/has-ansi-4.0.1.tgz",
      "integrity": "sha1-8haoyNexKeSQ3BX0pizBzblgPOg=",
      "requires": {
        "ansi-regex": "^4.1.0"
      },
      "dependencies": {
        "ansi-regex": {
          "version": "4.1.1",
          "resolved": "https://snapshotrepo.wsgc.com:443/artifactory/api/npm/wsgc-npm/ansi-regex/-/ansi-regex-4.1.1.tgz",
          "integrity": "sha1-Fk2qyHqy1vbbOimHXi0XZlgtq+0="
        }
      }
    },
    "has-flag": {
      "version": "4.0.0",
      "resolved": "https://snapshotrepo.wsgc.com:443/artifactory/api/npm/wsgc-npm/has-flag/-/has-flag-4.0.0.tgz",
      "integrity": "sha1-lEdx/ZyByBJlxNaUGGDaBrtZR5s="
    },
    "indent-string": {
      "version": "4.0.0",
      "resolved": "https://snapshotrepo.wsgc.com:443/artifactory/api/npm/wsgc-npm/indent-string/-/indent-string-4.0.0.tgz",
      "integrity": "sha1-Yk+PRJfWGbLZdoUx1Y9BIoVNclE="
    },
    "inflight": {
      "version": "1.0.6",
      "resolved": "https://snapshotrepo.wsgc.com:443/artifactory/api/npm/wsgc-npm/inflight/-/inflight-1.0.6.tgz",
      "integrity": "sha1-Sb1jMdfQLQwJvJEKEHW6gWW1bfk=",
      "requires": {
        "once": "^1.3.0",
        "wrappy": "1"
      }
    },
    "inherits": {
      "version": "2.0.4",
      "resolved": "https://snapshotrepo.wsgc.com:443/artifactory/api/npm/wsgc-npm/inherits/-/inherits-2.0.4.tgz",
      "integrity": "sha1-D6LGT5MpF8NDOg3tVTY6rjdBa3w="
    },
    "ini": {
      "version": "2.0.0",
      "resolved": "https://snapshotrepo.wsgc.com:443/artifactory/api/npm/wsgc-npm/ini/-/ini-2.0.0.tgz",
      "integrity": "sha1-5f1Vbs3VcmvpePoQAYYurLCpS8U="
    },
    "is-fullwidth-code-point": {
      "version": "3.0.0",
      "resolved": "https://snapshotrepo.wsgc.com:443/artifactory/api/npm/wsgc-npm/is-fullwidth-code-point/-/is-fullwidth-code-point-3.0.0.tgz",
      "integrity": "sha1-8Rb4Bk/pCz94RKOJl8C3UFEmnx0="
    },
    "is-installed-globally": {
      "version": "0.4.0",
      "resolved": "https://snapshotrepo.wsgc.com:443/artifactory/api/npm/wsgc-npm/is-installed-globally/-/is-installed-globally-0.4.0.tgz",
      "integrity": "sha1-mg/UB5ScMPhutpWe8beZTtC3tSA=",
      "requires": {
        "global-dirs": "^3.0.0",
        "is-path-inside": "^3.0.2"
      }
    },
    "is-path-inside": {
      "version": "3.0.3",
      "resolved": "https://snapshotrepo.wsgc.com:443/artifactory/api/npm/wsgc-npm/is-path-inside/-/is-path-inside-3.0.3.tgz",
      "integrity": "sha1-0jE2LlOgf/Kw4Op/7QSRYf/RYoM="
    },
    "is-stream": {
      "version": "2.0.1",
      "resolved": "https://snapshotrepo.wsgc.com:443/artifactory/api/npm/wsgc-npm/is-stream/-/is-stream-2.0.1.tgz",
      "integrity": "sha1-+sHj1TuXrVqdCunO8jifWBClwHc="
    },
    "knuth-shuffle-seeded": {
      "version": "1.0.6",
      "resolved": "https://snapshotrepo.wsgc.com:443/artifactory/api/npm/wsgc-npm/knuth-shuffle-seeded/-/knuth-shuffle-seeded-1.0.6.tgz",
      "integrity": "sha1-AfG2VzOqdUDuCNiwF0Fk0iCB5OE=",
      "requires": {
        "seed-random": "~2.2.0"
      }
    },
    "lodash": {
      "version": "4.17.21",
      "resolved": "https://snapshotrepo.wsgc.com:443/artifactory/api/npm/wsgc-npm/lodash/-/lodash-4.17.21.tgz",
      "integrity": "sha1-Z5WRxWTDv/quhFTPCz3zcMPWkRw="
    },
    "lodash-es": {
      "version": "4.17.21",
      "resolved": "https://snapshotrepo.wsgc.com:443/artifactory/api/npm/wsgc-npm/lodash-es/-/lodash-es-4.17.21.tgz",
      "integrity": "sha1-Q+YmxG5lkbd1C+srUBFzkMYJ4+4="
    },
    "lodash.merge": {
      "version": "4.6.2",
      "resolved": "https://snapshotrepo.wsgc.com:443/artifactory/api/npm/wsgc-npm/lodash.merge/-/lodash.merge-4.6.2.tgz",
      "integrity": "sha1-VYqlO0O2YeGSWgr9+japoQhf5Xo="
    },
    "lodash.mergewith": {
      "version": "4.6.2",
      "resolved": "https://snapshotrepo.wsgc.com:443/artifactory/api/npm/wsgc-npm/lodash.mergewith/-/lodash.mergewith-4.6.2.tgz",
      "integrity": "sha1-YXEh+JrFX1kEfHrsHM1mVMZZD1U="
    },
    "lower-case": {
      "version": "2.0.2",
      "resolved": "https://snapshotrepo.wsgc.com:443/artifactory/api/npm/wsgc-npm/lower-case/-/lower-case-2.0.2.tgz",
      "integrity": "sha1-b6I3xj29xKgsoP2ILkci3F5jTig=",
      "requires": {
        "tslib": "^2.0.3"
      }
    },
    "lru-cache": {
      "version": "6.0.0",
      "resolved": "https://snapshotrepo.wsgc.com:443/artifactory/api/npm/wsgc-npm/lru-cache/-/lru-cache-6.0.0.tgz",
      "integrity": "sha1-bW/mVw69lqr5D8rR2vo7JWbbOpQ=",
      "requires": {
        "yallist": "^4.0.0"
      }
    },
    "minimatch": {
      "version": "3.1.2",
      "resolved": "https://snapshotrepo.wsgc.com:443/artifactory/api/npm/wsgc-npm/minimatch/-/minimatch-3.1.2.tgz",
      "integrity": "sha1-Gc0ZS/0+Qo8EmnCBfAONiatL41s=",
      "requires": {
        "brace-expansion": "^1.1.7"
      }
    },
    "ms": {
      "version": "2.1.2",
      "resolved": "https://snapshotrepo.wsgc.com:443/artifactory/api/npm/wsgc-npm/ms/-/ms-2.1.2.tgz",
      "integrity": "sha1-0J0fNXtEP0kzgqjrPM0YOHKuYAk="
    },
    "mz": {
      "version": "2.7.0",
      "resolved": "https://snapshotrepo.wsgc.com:443/artifactory/api/npm/wsgc-npm/mz/-/mz-2.7.0.tgz",
      "integrity": "sha1-lQCAV6Vsr63CvGPd5/n/aVWUjjI=",
      "requires": {
        "any-promise": "^1.0.0",
        "object-assign": "^4.0.1",
        "thenify-all": "^1.0.0"
      }
    },
    "nanoclone": {
      "version": "0.2.1",
      "resolved": "https://snapshotrepo.wsgc.com:443/artifactory/api/npm/wsgc-npm/nanoclone/-/nanoclone-0.2.1.tgz",
      "integrity": "sha1-3UCQ+PGhENJrsyxJ7S9bkjUgntQ="
    },
    "next-tick": {
      "version": "1.1.0",
      "resolved": "https://snapshotrepo.wsgc.com:443/artifactory/api/npm/wsgc-npm/next-tick/-/next-tick-1.1.0.tgz",
      "integrity": "sha1-GDbuMK1W1n7ygbIr0Zn3CUSbNes="
    },
    "no-case": {
      "version": "3.0.4",
      "resolved": "https://snapshotrepo.wsgc.com:443/artifactory/api/npm/wsgc-npm/no-case/-/no-case-3.0.4.tgz",
      "integrity": "sha1-02H9XJgA9VhVGoNp/A3NRmK2Ek0=",
      "requires": {
        "lower-case": "^2.0.2",
        "tslib": "^2.0.3"
      }
    },
    "object-assign": {
      "version": "4.1.1",
      "resolved": "https://snapshotrepo.wsgc.com:443/artifactory/api/npm/wsgc-npm/object-assign/-/object-assign-4.1.1.tgz",
      "integrity": "sha1-IQmtx5ZYh8/AXLvUQsrIv7s2CGM="
    },
    "once": {
      "version": "1.4.0",
      "resolved": "https://snapshotrepo.wsgc.com:443/artifactory/api/npm/wsgc-npm/once/-/once-1.4.0.tgz",
      "integrity": "sha1-WDsap3WWHUsROsF9nFC6753Xa9E=",
      "requires": {
        "wrappy": "1"
      }
    },
    "pad-right": {
      "version": "0.2.2",
      "resolved": "https://snapshotrepo.wsgc.com:443/artifactory/api/npm/wsgc-npm/pad-right/-/pad-right-0.2.2.tgz",
      "integrity": "sha1-b7ySQEXSRPKiokRQMGDTv8YAl3Q=",
      "requires": {
        "repeat-string": "^1.5.2"
      }
    },
    "path-is-absolute": {
      "version": "1.0.1",
      "resolved": "https://snapshotrepo.wsgc.com:443/artifactory/api/npm/wsgc-npm/path-is-absolute/-/path-is-absolute-1.0.1.tgz",
      "integrity": "sha1-F0uSaHNVNP+8es5r9TpanhtcX18="
    },
    "progress": {
      "version": "2.0.3",
      "resolved": "https://snapshotrepo.wsgc.com:443/artifactory/api/npm/wsgc-npm/progress/-/progress-2.0.3.tgz",
      "integrity": "sha1-foz42PW48jnBvGi+tOt4Vn1XLvg="
    },
    "properties": {
      "version": "1.2.1",
      "resolved": "https://snapshotrepo.wsgc.com:443/artifactory/api/npm/wsgc-npm/properties/-/properties-1.2.1.tgz",
      "integrity": "sha1-Dul6f8AgsaKlW4ZZ7aSqjYaQlL0=",
      "dev": true
    },
    "property-expr": {
      "version": "2.0.5",
      "resolved": "https://snapshotrepo.wsgc.com:443/artifactory/api/npm/wsgc-npm/property-expr/-/property-expr-2.0.5.tgz",
      "integrity": "sha1-J4vbFTCK4Wrz47lkACRST03ALLQ="
    },
    "reflect-metadata": {
      "version": "0.1.13",
      "resolved": "https://snapshotrepo.wsgc.com:443/artifactory/api/npm/wsgc-npm/reflect-metadata/-/reflect-metadata-0.1.13.tgz",
      "integrity": "sha1-Z648pXyXKiqhZCsQ/jY/4y1J3Ag="
    },
    "regenerator-runtime": {
      "version": "0.13.11",
      "resolved": "https://snapshotrepo.wsgc.com:443/artifactory/api/npm/wsgc-npm/regenerator-runtime/-/regenerator-runtime-0.13.11.tgz",
      "integrity": "sha1-9tyj587sIFkNB62nhWNqkM3KF/k="
    },
    "regexp-match-indices": {
      "version": "1.0.2",
      "resolved": "https://snapshotrepo.wsgc.com:443/artifactory/api/npm/wsgc-npm/regexp-match-indices/-/regexp-match-indices-1.0.2.tgz",
      "integrity": "sha1-zyAFSm99Wz4RanAaewD4KInRDaY=",
      "requires": {
        "regexp-tree": "^0.1.11"
      }
    },
    "regexp-tree": {
      "version": "0.1.24",
      "resolved": "https://snapshotrepo.wsgc.com:443/artifactory/api/npm/wsgc-npm/regexp-tree/-/regexp-tree-0.1.24.tgz",
      "integrity": "sha1-PW+iOEUKTWblvJxMFLtyDiGWgp0="
    },
    "repeat-string": {
      "version": "1.6.1",
      "resolved": "https://snapshotrepo.wsgc.com:443/artifactory/api/npm/wsgc-npm/repeat-string/-/repeat-string-1.6.1.tgz",
      "integrity": "sha1-jcrkcOHIirwtYA//Sndihtp15jc="
    },
    "resolve-from": {
      "version": "5.0.0",
      "resolved": "https://snapshotrepo.wsgc.com:443/artifactory/api/npm/wsgc-npm/resolve-from/-/resolve-from-5.0.0.tgz",
      "integrity": "sha1-w1IlhD3493bfIcV1V7wIfp39/Gk="
    },
    "resolve-pkg": {
      "version": "2.0.0",
      "resolved": "https://snapshotrepo.wsgc.com:443/artifactory/api/npm/wsgc-npm/resolve-pkg/-/resolve-pkg-2.0.0.tgz",
      "integrity": "sha1-rAaZFBinYj7cEZCE7cmLDmvwWkE=",
      "requires": {
        "resolve-from": "^5.0.0"
      }
    },
    "rimraf": {
      "version": "3.0.2",
      "resolved": "https://snapshotrepo.wsgc.com:443/artifactory/api/npm/wsgc-npm/rimraf/-/rimraf-3.0.2.tgz",
      "integrity": "sha1-8aVAK6YiCtUswSgrrBrjqkn9Bho=",
      "requires": {
        "glob": "^7.1.3"
      }
    },
    "seed-random": {
      "version": "2.2.0",
      "resolved": "https://snapshotrepo.wsgc.com:443/artifactory/api/npm/wsgc-npm/seed-random/-/seed-random-2.2.0.tgz",
      "integrity": "sha1-KpsZ4lCoFwmSMaW5mk2vgLf77VQ="
    },
    "semver": {
      "version": "7.3.8",
      "resolved": "https://snapshotrepo.wsgc.com:443/artifactory/api/npm/wsgc-npm/semver/-/semver-7.3.8.tgz",
      "integrity": "sha1-B6eP6vs/ezI0fXJeM95+Ki32d5g=",
      "requires": {
        "lru-cache": "^6.0.0"
      }
    },
    "source-map": {
      "version": "0.6.1",
      "resolved": "https://snapshotrepo.wsgc.com:443/artifactory/api/npm/wsgc-npm/source-map/-/source-map-0.6.1.tgz",
      "integrity": "sha1-dHIq8y6WFOnCh6jQu95IteLxomM="
    },
    "source-map-support": {
      "version": "0.5.21",
      "resolved": "https://snapshotrepo.wsgc.com:443/artifactory/api/npm/wsgc-npm/source-map-support/-/source-map-support-0.5.21.tgz",
      "integrity": "sha1-BP58f54e0tZiIzwoyys1ufY/bk8=",
      "requires": {
        "buffer-from": "^1.0.0",
        "source-map": "^0.6.0"
      }
    },
    "stackframe": {
      "version": "1.3.4",
      "resolved": "https://snapshotrepo.wsgc.com:443/artifactory/api/npm/wsgc-npm/stackframe/-/stackframe-1.3.4.tgz",
      "integrity": "sha1-uIGgBMjBSaXo7+831RsW5BKUMxA="
    },
    "string-argv": {
      "version": "0.3.1",
      "resolved": "https://snapshotrepo.wsgc.com:443/artifactory/api/npm/wsgc-npm/string-argv/-/string-argv-0.3.1.tgz",
      "integrity": "sha1-leL77AQnrhkYSTX4FtdKqkxcGdo="
    },
    "string-width": {
      "version": "4.2.3",
      "resolved": "https://snapshotrepo.wsgc.com:443/artifactory/api/npm/wsgc-npm/string-width/-/string-width-4.2.3.tgz",
      "integrity": "sha1-JpxxF9J7Ba0uU2gwqOyJXvnG0BA=",
      "requires": {
        "emoji-regex": "^8.0.0",
        "is-fullwidth-code-point": "^3.0.0",
        "strip-ansi": "^6.0.1"
      }
    },
    "strip-ansi": {
      "version": "6.0.1",
      "resolved": "https://snapshotrepo.wsgc.com:443/artifactory/api/npm/wsgc-npm/strip-ansi/-/strip-ansi-6.0.1.tgz",
      "integrity": "sha1-nibGPTD1NEPpSJSVshBdN7Z6hdk=",
      "requires": {
        "ansi-regex": "^5.0.1"
      }
    },
    "supports-color": {
      "version": "8.1.1",
      "resolved": "https://snapshotrepo.wsgc.com:443/artifactory/api/npm/wsgc-npm/supports-color/-/supports-color-8.1.1.tgz",
      "integrity": "sha1-zW/BfihQDP9WwbhsCn/UpUpzAFw=",
      "requires": {
        "has-flag": "^4.0.0"
      }
    },
    "thenify": {
      "version": "3.3.1",
      "resolved": "https://snapshotrepo.wsgc.com:443/artifactory/api/npm/wsgc-npm/thenify/-/thenify-3.3.1.tgz",
      "integrity": "sha1-iTLmhqQGYDigFt2eLKRq3Zg4qV8=",
      "requires": {
        "any-promise": "^1.0.0"
      }
    },
    "thenify-all": {
      "version": "1.6.0",
      "resolved": "https://snapshotrepo.wsgc.com:443/artifactory/api/npm/wsgc-npm/thenify-all/-/thenify-all-1.6.0.tgz",
      "integrity": "sha1-GhkY1ALY/D+Y+/I02wvMjMEOlyY=",
      "requires": {
        "thenify": ">= 3.1.0 < 4"
      }
    },
    "tmp": {
      "version": "0.2.1",
      "resolved": "https://snapshotrepo.wsgc.com:443/artifactory/api/npm/wsgc-npm/tmp/-/tmp-0.2.1.tgz",
      "integrity": "sha1-hFf8MDfc9HGcJRNnoa9lAO4czxQ=",
      "requires": {
        "rimraf": "^3.0.0"
      }
    },
    "toposort": {
      "version": "2.0.2",
      "resolved": "https://snapshotrepo.wsgc.com:443/artifactory/api/npm/wsgc-npm/toposort/-/toposort-2.0.2.tgz",
      "integrity": "sha1-riF2gXXRVZ1IvvNUILL0li8JwzA="
    },
    "tslib": {
      "version": "2.4.1",
      "resolved": "https://snapshotrepo.wsgc.com:443/artifactory/api/npm/wsgc-npm/tslib/-/tslib-2.4.1.tgz",
      "integrity": "sha1-DQv7qsKIC5HiLfB2jlW+l1OlsX4="
    },
    "type": {
      "version": "1.2.0",
      "resolved": "https://snapshotrepo.wsgc.com:443/artifactory/api/npm/wsgc-npm/type/-/type-1.2.0.tgz",
      "integrity": "sha1-hI3XaY2vo+VKbEeedZxLw/GIR6A="
    },
    "upper-case-first": {
      "version": "2.0.2",
      "resolved": "https://snapshotrepo.wsgc.com:443/artifactory/api/npm/wsgc-npm/upper-case-first/-/upper-case-first-2.0.2.tgz",
      "integrity": "sha1-mSwyc/iCq9GdHgKJTMFHEX+EQyQ=",
      "requires": {
        "tslib": "^2.0.3"
      }
    },
    "util-arity": {
      "version": "1.1.0",
      "resolved": "https://snapshotrepo.wsgc.com:443/artifactory/api/npm/wsgc-npm/util-arity/-/util-arity-1.1.0.tgz",
      "integrity": "sha1-WdAa8f2z/t4KxOYysKtfbOl8kzA="
    },
    "uuid": {
      "version": "9.0.0",
      "resolved": "https://snapshotrepo.wsgc.com:443/artifactory/api/npm/wsgc-npm/uuid/-/uuid-9.0.0.tgz",
      "integrity": "sha1-WS9VBlACSjjOsMVi8vaqQ1dh77U="
    },
    "verror": {
      "version": "1.10.1",
      "resolved": "https://snapshotrepo.wsgc.com:443/artifactory/api/npm/wsgc-npm/verror/-/verror-1.10.1.tgz",
      "integrity": "sha1-S/Ce7M9FY7EJ7Us9RYOAyXKwzes=",
      "requires": {
        "assert-plus": "^1.0.0",
        "core-util-is": "1.0.2",
        "extsprintf": "^1.2.0"
      }
    },
    "wrappy": {
      "version": "1.0.2",
      "resolved": "https://snapshotrepo.wsgc.com:443/artifactory/api/npm/wsgc-npm/wrappy/-/wrappy-1.0.2.tgz",
      "integrity": "sha1-tSQ9jz7BqjXxNkYFvA0QNuMKtp8="
    },
    "xmlbuilder": {
      "version": "15.1.1",
      "resolved": "https://snapshotrepo.wsgc.com:443/artifactory/api/npm/wsgc-npm/xmlbuilder/-/xmlbuilder-15.1.1.tgz",
      "integrity": "sha1-nc3OSe6mbY0QtCyulKecPI0MLsU="
    },
    "yallist": {
      "version": "4.0.0",
      "resolved": "https://snapshotrepo.wsgc.com:443/artifactory/api/npm/wsgc-npm/yallist/-/yallist-4.0.0.tgz",
      "integrity": "sha1-m7knkNnA7/7GO+c1GeEaNQGaOnI="
    },
    "yup": {
      "version": "0.32.11",
      "resolved": "https://snapshotrepo.wsgc.com:443/artifactory/api/npm/wsgc-npm/yup/-/yup-0.32.11.tgz",
      "integrity": "sha1-1n+4Pu+kaYYHmC5j98pMXtPPGMU=",
      "requires": {
        "@babel/runtime": "^7.15.4",
        "@types/lodash": "^4.14.175",
        "lodash": "^4.17.21",
        "lodash-es": "^4.17.21",
        "nanoclone": "^0.2.1",
        "property-expr": "^2.0.4",
        "toposort": "^2.0.2"
      }
    }
  }
}
